
Microsoft Visual Studio Solution File, Format Version 12.00
# Visual Studio Version 16
VisualStudioVersion = 16.0.28729.10
MinimumVisualStudioVersion = 10.0.40219.1
Project("{FAE04EC0-301F-11D3-BF4B-00C04F79EFBC}") = "button", "button\button.csproj", "{BD4C3D53-C505-423B-B20A-8C5D92ABAAFB}"
EndProject
Global
	GlobalSection(SolutionConfigurationPlatforms) = preSolution
		Debug|Any CPU = Debug|Any CPU
		Release|Any CPU = Release|Any CPU
	EndGlobalSection
	GlobalSection(ProjectConfigurationPlatforms) = postSolution
		{BD4C3D53-C505-423B-B20A-8C5D92ABAAFB}.Debug|Any CPU.ActiveCfg = Debug|Any CPU
		{BD4C3D53-C505-423B-B20A-8C5D92ABAAFB}.Debug|Any CPU.Build.0 = Debug|Any CPU
		{BD4C3D53-C505-423B-B20A-8C5D92ABAAFB}.Release|Any CPU.ActiveCfg = Release|Any CPU
		{BD4C3D53-C505-423B-B20A-8C5D92ABAAFB}.Release|Any CPU.Build.0 = Release|Any CPU
	EndGlobalSection
	GlobalSection(SolutionProperties) = preSolution
		HideSolutionNode = FALSE
	EndGlobalSection
	GlobalSection(ExtensibilityGlobals) = postSolution
		SolutionGuid = {3D662EC9-EEAD-466F-B5B1-884182814437}
	EndGlobalSection
EndGlobal
