
Microsoft Visual Studio Solution File, Format Version 12.00
# Visual Studio Version 16
VisualStudioVersion = 16.0.28721.148
MinimumVisualStudioVersion = 10.0.40219.1
Project("{FAE04EC0-301F-11D3-BF4B-00C04F79EFBC}") = "control", "control\control.csproj", "{7AB0F23B-1102-4DC8-B66C-DF378257B881}"
EndProject
Global
	GlobalSection(SolutionConfigurationPlatforms) = preSolution
		Debug|Any CPU = Debug|Any CPU
		Release|Any CPU = Release|Any CPU
	EndGlobalSection
	GlobalSection(ProjectConfigurationPlatforms) = postSolution
		{7AB0F23B-1102-4DC8-B66C-DF378257B881}.Debug|Any CPU.ActiveCfg = Debug|Any CPU
		{7AB0F23B-1102-4DC8-B66C-DF378257B881}.Debug|Any CPU.Build.0 = Debug|Any CPU
		{7AB0F23B-1102-4DC8-B66C-DF378257B881}.Release|Any CPU.ActiveCfg = Release|Any CPU
		{7AB0F23B-1102-4DC8-B66C-DF378257B881}.Release|Any CPU.Build.0 = Release|Any CPU
	EndGlobalSection
	GlobalSection(SolutionProperties) = preSolution
		HideSolutionNode = FALSE
	EndGlobalSection
	GlobalSection(ExtensibilityGlobals) = postSolution
		SolutionGuid = {1158269B-CBB1-43AC-B13A-821A7406E4BA}
	EndGlobalSection
EndGlobal
