
Microsoft Visual Studio Solution File, Format Version 12.00
# Visual Studio Version 16
VisualStudioVersion = 16.0.28729.10
MinimumVisualStudioVersion = 10.0.40219.1
Project("{FAE04EC0-301F-11D3-BF4B-00C04F79EFBC}") = "fileupload", "fileupload\fileupload.csproj", "{A88EA616-5AB5-4444-8177-A9724CEE7647}"
EndProject
Global
	GlobalSection(SolutionConfigurationPlatforms) = preSolution
		Debug|Any CPU = Debug|Any CPU
		Release|Any CPU = Release|Any CPU
	EndGlobalSection
	GlobalSection(ProjectConfigurationPlatforms) = postSolution
		{A88EA616-5AB5-4444-8177-A9724CEE7647}.Debug|Any CPU.ActiveCfg = Debug|Any CPU
		{A88EA616-5AB5-4444-8177-A9724CEE7647}.Debug|Any CPU.Build.0 = Debug|Any CPU
		{A88EA616-5AB5-4444-8177-A9724CEE7647}.Release|Any CPU.ActiveCfg = Release|Any CPU
		{A88EA616-5AB5-4444-8177-A9724CEE7647}.Release|Any CPU.Build.0 = Release|Any CPU
	EndGlobalSection
	GlobalSection(SolutionProperties) = preSolution
		HideSolutionNode = FALSE
	EndGlobalSection
	GlobalSection(ExtensibilityGlobals) = postSolution
		SolutionGuid = {7583A439-EAC5-4E13-A481-B32B46782A3E}
	EndGlobalSection
EndGlobal
