
Microsoft Visual Studio Solution File, Format Version 12.00
# Visual Studio Version 16
VisualStudioVersion = 16.0.28803.156
MinimumVisualStudioVersion = 10.0.40219.1
Project("{FAE04EC0-301F-11D3-BF4B-00C04F79EFBC}") = "firstwebapp", "firstwebapp\firstwebapp.csproj", "{DE237DDD-E5F5-4CD4-BC67-89CB058A2C2C}"
EndProject
Global
	GlobalSection(SolutionConfigurationPlatforms) = preSolution
		Debug|Any CPU = Debug|Any CPU
		Release|Any CPU = Release|Any CPU
	EndGlobalSection
	GlobalSection(ProjectConfigurationPlatforms) = postSolution
		{DE237DDD-E5F5-4CD4-BC67-89CB058A2C2C}.Debug|Any CPU.ActiveCfg = Debug|Any CPU
		{DE237DDD-E5F5-4CD4-BC67-89CB058A2C2C}.Debug|Any CPU.Build.0 = Debug|Any CPU
		{DE237DDD-E5F5-4CD4-BC67-89CB058A2C2C}.Release|Any CPU.ActiveCfg = Release|Any CPU
		{DE237DDD-E5F5-4CD4-BC67-89CB058A2C2C}.Release|Any CPU.Build.0 = Release|Any CPU
	EndGlobalSection
	GlobalSection(SolutionProperties) = preSolution
		HideSolutionNode = FALSE
	EndGlobalSection
	GlobalSection(ExtensibilityGlobals) = postSolution
		SolutionGuid = {AD83FE4D-9B8D-4CE3-9970-1D998EBE773F}
	EndGlobalSection
EndGlobal
