
Microsoft Visual Studio Solution File, Format Version 12.00
# Visual Studio Version 16
VisualStudioVersion = 16.0.28729.10
MinimumVisualStudioVersion = 10.0.40219.1
Project("{FAE04EC0-301F-11D3-BF4B-00C04F79EFBC}") = "validationsummary", "validationsummary\validationsummary.csproj", "{823850A7-C7E1-465A-9A09-7CD84CDE7BA3}"
EndProject
Global
	GlobalSection(SolutionConfigurationPlatforms) = preSolution
		Debug|Any CPU = Debug|Any CPU
		Release|Any CPU = Release|Any CPU
	EndGlobalSection
	GlobalSection(ProjectConfigurationPlatforms) = postSolution
		{823850A7-C7E1-465A-9A09-7CD84CDE7BA3}.Debug|Any CPU.ActiveCfg = Debug|Any CPU
		{823850A7-C7E1-465A-9A09-7CD84CDE7BA3}.Debug|Any CPU.Build.0 = Debug|Any CPU
		{823850A7-C7E1-465A-9A09-7CD84CDE7BA3}.Release|Any CPU.ActiveCfg = Release|Any CPU
		{823850A7-C7E1-465A-9A09-7CD84CDE7BA3}.Release|Any CPU.Build.0 = Release|Any CPU
	EndGlobalSection
	GlobalSection(SolutionProperties) = preSolution
		HideSolutionNode = FALSE
	EndGlobalSection
	GlobalSection(ExtensibilityGlobals) = postSolution
		SolutionGuid = {0CC68EC3-C9EA-41CE-A76D-FC66F4455AE0}
	EndGlobalSection
EndGlobal
